
Microsoft Visual Studio Solution File, Format Version 12.00
# Visual Studio 14
VisualStudioVersion = 14.0.24720.0
MinimumVisualStudioVersion = 10.0.40219.1
Project("{FAE04EC0-301F-11D3-BF4B-00C04F79EFBC}") = "DeployTrackingContract", "DeployTrackingContract\DeployTrackingContract.csproj", "{14642E4A-735D-412B-A985-851A66AA66BC}"
EndProject
Global
	GlobalSection(SolutionConfigurationPlatforms) = preSolution
		Debug|Any CPU = Debug|Any CPU
		Release|Any CPU = Release|Any CPU
	EndGlobalSection
	GlobalSection(ProjectConfigurationPlatforms) = postSolution
		{14642E4A-735D-412B-A985-851A66AA66BC}.Debug|Any CPU.ActiveCfg = Debug|Any CPU
		{14642E4A-735D-412B-A985-851A66AA66BC}.Debug|Any CPU.Build.0 = Debug|Any CPU
		{14642E4A-735D-412B-A985-851A66AA66BC}.Release|Any CPU.ActiveCfg = Release|Any CPU
		{14642E4A-735D-412B-A985-851A66AA66BC}.Release|Any CPU.Build.0 = Release|Any CPU
	EndGlobalSection
	GlobalSection(SolutionProperties) = preSolution
		HideSolutionNode = FALSE
	EndGlobalSection
EndGlobal
